
Microsoft Visual Studio Solution File, Format Version 12.00
# Visual Studio Version 17
VisualStudioVersion = 17.2.32602.215
MinimumVisualStudioVersion = 10.0.40219.1
Project("{FAE04EC0-301F-11D3-BF4B-00C04F79EFBC}") = "Bookstore", "Bookstore.csproj", "{E0FA264D-4245-4257-86BD-0E38B23EC03E}"
EndProject
Global
	GlobalSection(SolutionConfigurationPlatforms) = preSolution
		Debug|Any CPU = Debug|Any CPU
		Release|Any CPU = Release|Any CPU
	EndGlobalSection
	GlobalSection(ProjectConfigurationPlatforms) = postSolution
		{E0FA264D-4245-4257-86BD-0E38B23EC03E}.Debug|Any CPU.ActiveCfg = Debug|Any CPU
		{E0FA264D-4245-4257-86BD-0E38B23EC03E}.Debug|Any CPU.Build.0 = Debug|Any CPU
		{E0FA264D-4245-4257-86BD-0E38B23EC03E}.Release|Any CPU.ActiveCfg = Release|Any CPU
		{E0FA264D-4245-4257-86BD-0E38B23EC03E}.Release|Any CPU.Build.0 = Release|Any CPU
	EndGlobalSection
	GlobalSection(SolutionProperties) = preSolution
		HideSolutionNode = FALSE
	EndGlobalSection
	GlobalSection(ExtensibilityGlobals) = postSolution
		SolutionGuid = {944F2F44-86CC-420E-BB14-69974AEEA39C}
	EndGlobalSection
EndGlobal
